
Microsoft Visual Studio Solution File, Format Version 12.00
# Visual Studio Version 17
VisualStudioVersion = 17.2.32630.192
MinimumVisualStudioVersion = 10.0.40219.1
Project("{888888A0-9F3D-457C-B088-3A5042F75D52}") = "3LecPython", "3LecPython.pyproj", "{593420E9-20E6-42F0-8F56-0B1E23D2BFAD}"
EndProject
Global
	GlobalSection(SolutionConfigurationPlatforms) = preSolution
		Debug|Any CPU = Debug|Any CPU
		Release|Any CPU = Release|Any CPU
	EndGlobalSection
	GlobalSection(ProjectConfigurationPlatforms) = postSolution
		{593420E9-20E6-42F0-8F56-0B1E23D2BFAD}.Debug|Any CPU.ActiveCfg = Debug|Any CPU
		{593420E9-20E6-42F0-8F56-0B1E23D2BFAD}.Release|Any CPU.ActiveCfg = Release|Any CPU
	EndGlobalSection
	GlobalSection(SolutionProperties) = preSolution
		HideSolutionNode = FALSE
	EndGlobalSection
	GlobalSection(ExtensibilityGlobals) = postSolution
		SolutionGuid = {07676C97-4ADE-4202-9ACE-6B8A7D1E6AB3}
	EndGlobalSection
EndGlobal
